
Microsoft Visual Studio Solution File, Format Version 12.00
# Visual Studio Version 16
VisualStudioVersion = 16.0.30804.86
MinimumVisualStudioVersion = 10.0.40219.1
Project("{9A19103F-16F7-4668-BE54-9A1E7A4F7556}") = "SteamRollerConsole", "SteamRollerConsole\SteamRollerConsole.csproj", "{5E438A40-B4CB-43A3-9103-108827B2171A}"
EndProject
Project("{9A19103F-16F7-4668-BE54-9A1E7A4F7556}") = "SteamRoller.Core", "SteamRoller.Core\SteamRoller.Core.csproj", "{DE9AC9F8-9FFD-4B86-8CE7-2466D65A5091}"
EndProject
Project("{2150E333-8FDC-42A3-9474-1A3956D46DE8}") = "RollerCore", "RollerCore", "{074278CD-9719-40C1-AE32-7FB1EB5BA5D5}"
EndProject
Project("{2150E333-8FDC-42A3-9474-1A3956D46DE8}") = "Electron", "Electron", "{2A78B3A3-27B7-4294-9AAE-5B08F368455C}"
EndProject
Project("{9A19103F-16F7-4668-BE54-9A1E7A4F7556}") = "SteamRoller.Client", "Electron\SteamRoller.Client\SteamRoller.Client.csproj", "{2A961914-1831-4F61-A940-95759C995128}"
EndProject
Project("{FAE04EC0-301F-11D3-BF4B-00C04F79EFBC}") = "SteamRoller.API", "SteamRoller.API\SteamRoller.API.csproj", "{4B4255BB-22AF-4566-98CC-8D6EF340DF4A}"
EndProject
Global
	GlobalSection(SolutionConfigurationPlatforms) = preSolution
		Debug|Any CPU = Debug|Any CPU
		Release|Any CPU = Release|Any CPU
	EndGlobalSection
	GlobalSection(ProjectConfigurationPlatforms) = postSolution
		{5E438A40-B4CB-43A3-9103-108827B2171A}.Debug|Any CPU.ActiveCfg = Debug|Any CPU
		{5E438A40-B4CB-43A3-9103-108827B2171A}.Debug|Any CPU.Build.0 = Debug|Any CPU
		{5E438A40-B4CB-43A3-9103-108827B2171A}.Release|Any CPU.ActiveCfg = Release|Any CPU
		{5E438A40-B4CB-43A3-9103-108827B2171A}.Release|Any CPU.Build.0 = Release|Any CPU
		{DE9AC9F8-9FFD-4B86-8CE7-2466D65A5091}.Debug|Any CPU.ActiveCfg = Debug|Any CPU
		{DE9AC9F8-9FFD-4B86-8CE7-2466D65A5091}.Debug|Any CPU.Build.0 = Debug|Any CPU
		{DE9AC9F8-9FFD-4B86-8CE7-2466D65A5091}.Release|Any CPU.ActiveCfg = Release|Any CPU
		{DE9AC9F8-9FFD-4B86-8CE7-2466D65A5091}.Release|Any CPU.Build.0 = Release|Any CPU
		{2A961914-1831-4F61-A940-95759C995128}.Debug|Any CPU.ActiveCfg = Debug|Any CPU
		{2A961914-1831-4F61-A940-95759C995128}.Debug|Any CPU.Build.0 = Debug|Any CPU
		{2A961914-1831-4F61-A940-95759C995128}.Release|Any CPU.ActiveCfg = Release|Any CPU
		{2A961914-1831-4F61-A940-95759C995128}.Release|Any CPU.Build.0 = Release|Any CPU
		{4B4255BB-22AF-4566-98CC-8D6EF340DF4A}.Debug|Any CPU.ActiveCfg = Debug|Any CPU
		{4B4255BB-22AF-4566-98CC-8D6EF340DF4A}.Debug|Any CPU.Build.0 = Debug|Any CPU
		{4B4255BB-22AF-4566-98CC-8D6EF340DF4A}.Release|Any CPU.ActiveCfg = Release|Any CPU
		{4B4255BB-22AF-4566-98CC-8D6EF340DF4A}.Release|Any CPU.Build.0 = Release|Any CPU
	EndGlobalSection
	GlobalSection(SolutionProperties) = preSolution
		HideSolutionNode = FALSE
	EndGlobalSection
	GlobalSection(NestedProjects) = preSolution
		{5E438A40-B4CB-43A3-9103-108827B2171A} = {074278CD-9719-40C1-AE32-7FB1EB5BA5D5}
		{DE9AC9F8-9FFD-4B86-8CE7-2466D65A5091} = {074278CD-9719-40C1-AE32-7FB1EB5BA5D5}
		{2A961914-1831-4F61-A940-95759C995128} = {2A78B3A3-27B7-4294-9AAE-5B08F368455C}
	EndGlobalSection
	GlobalSection(ExtensibilityGlobals) = postSolution
		SolutionGuid = {DC1290A1-479A-464B-A154-CDE13631D7D9}
	EndGlobalSection
EndGlobal
